// !$*UTF8*$!
{
	archiveVersion = 1;
	classes = {
	};
	objectVersion = 52;
	objects = {

/* Begin PBXBuildFile section */
		30671E16262A32550053DF5E /* MeteoritesApp.swift in Sources */ = {isa = PBXBuildFile; fileRef = 30671E15262A32550053DF5E /* MeteoritesApp.swift */; };
		30671E18262A32550053DF5E /* MeteoritesView.swift in Sources */ = {isa = PBXBuildFile; fileRef = 30671E17262A32550053DF5E /* MeteoritesView.swift */; };
		30671E1A262A32580053DF5E /* Assets.xcassets in Resources */ = {isa = PBXBuildFile; fileRef = 30671E19262A32580053DF5E /* Assets.xcassets */; };
		30671E1D262A32580053DF5E /* Preview Assets.xcassets in Resources */ = {isa = PBXBuildFile; fileRef = 30671E1C262A32580053DF5E /* Preview Assets.xcassets */; };
		30671E2B262A33DD0053DF5E /* RealmSwift in Frameworks */ = {isa = PBXBuildFile; productRef = 30671E2A262A33DD0053DF5E /* RealmSwift */; };
		30671E2D262A33DD0053DF5E /* Realm in Frameworks */ = {isa = PBXBuildFile; productRef = 30671E2C262A33DD0053DF5E /* Realm */; };
		30671E30262A34F50053DF5E /* MeteoritesViewModel.swift in Sources */ = {isa = PBXBuildFile; fileRef = 30671E2F262A34F50053DF5E /* MeteoritesViewModel.swift */; };
		30671E34262A35250053DF5E /* Meteorite.swift in Sources */ = {isa = PBXBuildFile; fileRef = 30671E33262A35250053DF5E /* Meteorite.swift */; };
		30671E39262A3A8F0053DF5E /* MapView.swift in Sources */ = {isa = PBXBuildFile; fileRef = 30671E38262A3A8F0053DF5E /* MapView.swift */; };
		30671E45262C53F00053DF5E /* MeteoriteRowView.swift in Sources */ = {isa = PBXBuildFile; fileRef = 30671E44262C53F00053DF5E /* MeteoriteRowView.swift */; };
		30671E4B262D8E4C0053DF5E /* Location.swift in Sources */ = {isa = PBXBuildFile; fileRef = 30671E4A262D8E4C0053DF5E /* Location.swift */; };
		30671E5A262DA7000053DF5E /* ErrorView.swift in Sources */ = {isa = PBXBuildFile; fileRef = 30671E59262DA7000053DF5E /* ErrorView.swift */; };
/* End PBXBuildFile section */

/* Begin PBXFileReference section */
		30671E12262A32550053DF5E /* Meteorites.app */ = {isa = PBXFileReference; explicitFileType = wrapper.application; includeInIndex = 0; path = Meteorites.app; sourceTree = BUILT_PRODUCTS_DIR; };
		30671E15262A32550053DF5E /* MeteoritesApp.swift */ = {isa = PBXFileReference; lastKnownFileType = sourcecode.swift; path = MeteoritesApp.swift; sourceTree = "<group>"; };
		30671E17262A32550053DF5E /* MeteoritesView.swift */ = {isa = PBXFileReference; lastKnownFileType = sourcecode.swift; path = MeteoritesView.swift; sourceTree = "<group>"; };
		30671E19262A32580053DF5E /* Assets.xcassets */ = {isa = PBXFileReference; lastKnownFileType = folder.assetcatalog; path = Assets.xcassets; sourceTree = "<group>"; };
		30671E1C262A32580053DF5E /* Preview Assets.xcassets */ = {isa = PBXFileReference; lastKnownFileType = folder.assetcatalog; path = "Preview Assets.xcassets"; sourceTree = "<group>"; };
		30671E1E262A32580053DF5E /* Info.plist */ = {isa = PBXFileReference; lastKnownFileType = text.plist.xml; path = Info.plist; sourceTree = "<group>"; };
		30671E2F262A34F50053DF5E /* MeteoritesViewModel.swift */ = {isa = PBXFileReference; lastKnownFileType = sourcecode.swift; path = MeteoritesViewModel.swift; sourceTree = "<group>"; };
		30671E33262A35250053DF5E /* Meteorite.swift */ = {isa = PBXFileReference; lastKnownFileType = sourcecode.swift; path = Meteorite.swift; sourceTree = "<group>"; };
		30671E38262A3A8F0053DF5E /* MapView.swift */ = {isa = PBXFileReference; lastKnownFileType = sourcecode.swift; path = MapView.swift; sourceTree = "<group>"; };
		30671E40262B31730053DF5E /* Meteorites.entitlements */ = {isa = PBXFileReference; lastKnownFileType = text.plist.entitlements; path = Meteorites.entitlements; sourceTree = "<group>"; };
		30671E44262C53F00053DF5E /* MeteoriteRowView.swift */ = {isa = PBXFileReference; lastKnownFileType = sourcecode.swift; path = MeteoriteRowView.swift; sourceTree = "<group>"; };
		30671E4A262D8E4C0053DF5E /* Location.swift */ = {isa = PBXFileReference; lastKnownFileType = sourcecode.swift; path = Location.swift; sourceTree = "<group>"; };
		30671E59262DA7000053DF5E /* ErrorView.swift */ = {isa = PBXFileReference; lastKnownFileType = sourcecode.swift; path = ErrorView.swift; sourceTree = "<group>"; };
/* End PBXFileReference section */

/* Begin PBXFrameworksBuildPhase section */
		30671E0F262A32550053DF5E /* Frameworks */ = {
			isa = PBXFrameworksBuildPhase;
			buildActionMask = 2147483647;
			files = (
				30671E2D262A33DD0053DF5E /* Realm in Frameworks */,
				30671E2B262A33DD0053DF5E /* RealmSwift in Frameworks */,
			);
			runOnlyForDeploymentPostprocessing = 0;
		};
/* End PBXFrameworksBuildPhase section */

/* Begin PBXGroup section */
		30671E09262A32550053DF5E = {
			isa = PBXGroup;
			children = (
				30671E14262A32550053DF5E /* Meteorites */,
				30671E13262A32550053DF5E /* Products */,
			);
			sourceTree = "<group>";
		};
		30671E13262A32550053DF5E /* Products */ = {
			isa = PBXGroup;
			children = (
				30671E12262A32550053DF5E /* Meteorites.app */,
			);
			name = Products;
			sourceTree = "<group>";
		};
		30671E14262A32550053DF5E /* Meteorites */ = {
			isa = PBXGroup;
			children = (
				30671E40262B31730053DF5E /* Meteorites.entitlements */,
				30671E33262A35250053DF5E /* Meteorite.swift */,
				30671E4A262D8E4C0053DF5E /* Location.swift */,
				30671E2F262A34F50053DF5E /* MeteoritesViewModel.swift */,
				30671E15262A32550053DF5E /* MeteoritesApp.swift */,
				30671E17262A32550053DF5E /* MeteoritesView.swift */,
				30671E59262DA7000053DF5E /* ErrorView.swift */,
				30671E44262C53F00053DF5E /* MeteoriteRowView.swift */,
				30671E38262A3A8F0053DF5E /* MapView.swift */,
				30671E19262A32580053DF5E /* Assets.xcassets */,
				30671E1E262A32580053DF5E /* Info.plist */,
				30671E1B262A32580053DF5E /* Preview Content */,
			);
			path = Meteorites;
			sourceTree = "<group>";
		};
		30671E1B262A32580053DF5E /* Preview Content */ = {
			isa = PBXGroup;
			children = (
				30671E1C262A32580053DF5E /* Preview Assets.xcassets */,
			);
			path = "Preview Content";
			sourceTree = "<group>";
		};
/* End PBXGroup section */

/* Begin PBXNativeTarget section */
		30671E11262A32550053DF5E /* Meteorites */ = {
			isa = PBXNativeTarget;
			buildConfigurationList = 30671E21262A32580053DF5E /* Build configuration list for PBXNativeTarget "Meteorites" */;
			buildPhases = (
				30671E0E262A32550053DF5E /* Sources */,
				30671E0F262A32550053DF5E /* Frameworks */,
				30671E10262A32550053DF5E /* Resources */,
				30671E52262D94770053DF5E /* ShellScript */,
			);
			buildRules = (
			);
			dependencies = (
			);
			name = Meteorites;
			packageProductDependencies = (
				30671E2A262A33DD0053DF5E /* RealmSwift */,
				30671E2C262A33DD0053DF5E /* Realm */,
			);
			productName = Meteorites;
			productReference = 30671E12262A32550053DF5E /* Meteorites.app */;
			productType = "com.apple.product-type.application";
		};
/* End PBXNativeTarget section */

/* Begin PBXProject section */
		30671E0A262A32550053DF5E /* Project object */ = {
			isa = PBXProject;
			attributes = {
				LastSwiftUpdateCheck = 1240;
				LastUpgradeCheck = 1240;
				TargetAttributes = {
					30671E11262A32550053DF5E = {
						CreatedOnToolsVersion = 12.4;
					};
				};
			};
			buildConfigurationList = 30671E0D262A32550053DF5E /* Build configuration list for PBXProject "Meteorites" */;
			compatibilityVersion = "Xcode 9.3";
			developmentRegion = en;
			hasScannedForEncodings = 0;
			knownRegions = (
				en,
				Base,
			);
			mainGroup = 30671E09262A32550053DF5E;
			packageReferences = (
				30671E29262A33DD0053DF5E /* XCRemoteSwiftPackageReference "realm-cocoa" */,
			);
			productRefGroup = 30671E13262A32550053DF5E /* Products */;
			projectDirPath = "";
			projectRoot = "";
			targets = (
				30671E11262A32550053DF5E /* Meteorites */,
			);
		};
/* End PBXProject section */

/* Begin PBXResourcesBuildPhase section */
		30671E10262A32550053DF5E /* Resources */ = {
			isa = PBXResourcesBuildPhase;
			buildActionMask = 2147483647;
			files = (
				30671E1D262A32580053DF5E /* Preview Assets.xcassets in Resources */,
				30671E1A262A32580053DF5E /* Assets.xcassets in Resources */,
			);
			runOnlyForDeploymentPostprocessing = 0;
		};
/* End PBXResourcesBuildPhase section */

/* Begin PBXShellScriptBuildPhase section */
		30671E52262D94770053DF5E /* ShellScript */ = {
			isa = PBXShellScriptBuildPhase;
			buildActionMask = 2147483647;
			files = (
			);
			inputFileListPaths = (
			);
			inputPaths = (
			);
			outputFileListPaths = (
			);
			outputPaths = (
			);
			runOnlyForDeploymentPostprocessing = 0;
			shellPath = /bin/sh;
			shellScript = "# Type a script or drag a script file from your workspace to insert its path.\nif which swiftlint >/dev/null; then\n  swiftlint\nelse\n  echo \"warning: SwiftLint not installed, download from https://github.com/realm/SwiftLint\"\nfi\n";
		};
/* End PBXShellScriptBuildPhase section */

/* Begin PBXSourcesBuildPhase section */
		30671E0E262A32550053DF5E /* Sources */ = {
			isa = PBXSourcesBuildPhase;
			buildActionMask = 2147483647;
			files = (
				30671E18262A32550053DF5E /* MeteoritesView.swift in Sources */,
				30671E30262A34F50053DF5E /* MeteoritesViewModel.swift in Sources */,
				30671E45262C53F00053DF5E /* MeteoriteRowView.swift in Sources */,
				30671E39262A3A8F0053DF5E /* MapView.swift in Sources */,
				30671E34262A35250053DF5E /* Meteorite.swift in Sources */,
				30671E16262A32550053DF5E /* MeteoritesApp.swift in Sources */,
				30671E4B262D8E4C0053DF5E /* Location.swift in Sources */,
				30671E5A262DA7000053DF5E /* ErrorView.swift in Sources */,
			);
			runOnlyForDeploymentPostprocessing = 0;
		};
/* End PBXSourcesBuildPhase section */

/* Begin XCBuildConfiguration section */
		30671E1F262A32580053DF5E /* Debug */ = {
			isa = XCBuildConfiguration;
			buildSettings = {
				ALWAYS_SEARCH_USER_PATHS = NO;
				CLANG_ANALYZER_NONNULL = YES;
				CLANG_ANALYZER_NUMBER_OBJECT_CONVERSION = YES_AGGRESSIVE;
				CLANG_CXX_LANGUAGE_STANDARD = "gnu++14";
				CLANG_CXX_LIBRARY = "libc++";
				CLANG_ENABLE_MODULES = YES;
				CLANG_ENABLE_OBJC_ARC = YES;
				CLANG_ENABLE_OBJC_WEAK = YES;
				CLANG_WARN_BLOCK_CAPTURE_AUTORELEASING = YES;
				CLANG_WARN_BOOL_CONVERSION = YES;
				CLANG_WARN_COMMA = YES;
				CLANG_WARN_CONSTANT_CONVERSION = YES;
				CLANG_WARN_DEPRECATED_OBJC_IMPLEMENTATIONS = YES;
				CLANG_WARN_DIRECT_OBJC_ISA_USAGE = YES_ERROR;
				CLANG_WARN_DOCUMENTATION_COMMENTS = YES;
				CLANG_WARN_EMPTY_BODY = YES;
				CLANG_WARN_ENUM_CONVERSION = YES;
				CLANG_WARN_INFINITE_RECURSION = YES;
				CLANG_WARN_INT_CONVERSION = YES;
				CLANG_WARN_NON_LITERAL_NULL_CONVERSION = YES;
				CLANG_WARN_OBJC_IMPLICIT_RETAIN_SELF = YES;
				CLANG_WARN_OBJC_LITERAL_CONVERSION = YES;
				CLANG_WARN_OBJC_ROOT_CLASS = YES_ERROR;
				CLANG_WARN_QUOTED_INCLUDE_IN_FRAMEWORK_HEADER = YES;
				CLANG_WARN_RANGE_LOOP_ANALYSIS = YES;
				CLANG_WARN_STRICT_PROTOTYPES = YES;
				CLANG_WARN_SUSPICIOUS_MOVE = YES;
				CLANG_WARN_UNGUARDED_AVAILABILITY = YES_AGGRESSIVE;
				CLANG_WARN_UNREACHABLE_CODE = YES;
				CLANG_WARN__DUPLICATE_METHOD_MATCH = YES;
				COPY_PHASE_STRIP = NO;
				DEBUG_INFORMATION_FORMAT = dwarf;
				ENABLE_STRICT_OBJC_MSGSEND = YES;
				ENABLE_TESTABILITY = YES;
				GCC_C_LANGUAGE_STANDARD = gnu11;
				GCC_DYNAMIC_NO_PIC = NO;
				GCC_NO_COMMON_BLOCKS = YES;
				GCC_OPTIMIZATION_LEVEL = 0;
				GCC_PREPROCESSOR_DEFINITIONS = (
					"DEBUG=1",
					"$(inherited)",
				);
				GCC_WARN_64_TO_32_BIT_CONVERSION = YES;
				GCC_WARN_ABOUT_RETURN_TYPE = YES_ERROR;
				GCC_WARN_UNDECLARED_SELECTOR = YES;
				GCC_WARN_UNINITIALIZED_AUTOS = YES_AGGRESSIVE;
				GCC_WARN_UNUSED_FUNCTION = YES;
				GCC_WARN_UNUSED_VARIABLE = YES;
				IPHONEOS_DEPLOYMENT_TARGET = 14.4;
				MTL_ENABLE_DEBUG_INFO = INCLUDE_SOURCE;
				MTL_FAST_MATH = YES;
				ONLY_ACTIVE_ARCH = YES;
				SDKROOT = iphoneos;
				SWIFT_ACTIVE_COMPILATION_CONDITIONS = DEBUG;
				SWIFT_OPTIMIZATION_LEVEL = "-Onone";
			};
			name = Debug;
		};
		30671E20262A32580053DF5E /* Release */ = {
			isa = XCBuildConfiguration;
			buildSettings = {
				ALWAYS_SEARCH_USER_PATHS = NO;
				CLANG_ANALYZER_NONNULL = YES;
				CLANG_ANALYZER_NUMBER_OBJECT_CONVERSION = YES_AGGRESSIVE;
				CLANG_CXX_LANGUAGE_STANDARD = "gnu++14";
				CLANG_CXX_LIBRARY = "libc++";
				CLANG_ENABLE_MODULES = YES;
				CLANG_ENABLE_OBJC_ARC = YES;
				CLANG_ENABLE_OBJC_WEAK = YES;
				CLANG_WARN_BLOCK_CAPTURE_AUTORELEASING = YES;
				CLANG_WARN_BOOL_CONVERSION = YES;
				CLANG_WARN_COMMA = YES;
				CLANG_WARN_CONSTANT_CONVERSION = YES;
				CLANG_WARN_DEPRECATED_OBJC_IMPLEMENTATIONS = YES;
				CLANG_WARN_DIRECT_OBJC_ISA_USAGE = YES_ERROR;
				CLANG_WARN_DOCUMENTATION_COMMENTS = YES;
				CLANG_WARN_EMPTY_BODY = YES;
				CLANG_WARN_ENUM_CONVERSION = YES;
				CLANG_WARN_INFINITE_RECURSION = YES;
				CLANG_WARN_INT_CONVERSION = YES;
				CLANG_WARN_NON_LITERAL_NULL_CONVERSION = YES;
				CLANG_WARN_OBJC_IMPLICIT_RETAIN_SELF = YES;
				CLANG_WARN_OBJC_LITERAL_CONVERSION = YES;
				CLANG_WARN_OBJC_ROOT_CLASS = YES_ERROR;
				CLANG_WARN_QUOTED_INCLUDE_IN_FRAMEWORK_HEADER = YES;
				CLANG_WARN_RANGE_LOOP_ANALYSIS = YES;
				CLANG_WARN_STRICT_PROTOTYPES = YES;
				CLANG_WARN_SUSPICIOUS_MOVE = YES;
				CLANG_WARN_UNGUARDED_AVAILABILITY = YES_AGGRESSIVE;
				CLANG_WARN_UNREACHABLE_CODE = YES;
				CLANG_WARN__DUPLICATE_METHOD_MATCH = YES;
				COPY_PHASE_STRIP = NO;
				DEBUG_INFORMATION_FORMAT = "dwarf-with-dsym";
				ENABLE_NS_ASSERTIONS = NO;
				ENABLE_STRICT_OBJC_MSGSEND = YES;
				GCC_C_LANGUAGE_STANDARD = gnu11;
				GCC_NO_COMMON_BLOCKS = YES;
				GCC_WARN_64_TO_32_BIT_CONVERSION = YES;
				GCC_WARN_ABOUT_RETURN_TYPE = YES_ERROR;
				GCC_WARN_UNDECLARED_SELECTOR = YES;
				GCC_WARN_UNINITIALIZED_AUTOS = YES_AGGRESSIVE;
				GCC_WARN_UNUSED_FUNCTION = YES;
				GCC_WARN_UNUSED_VARIABLE = YES;
				IPHONEOS_DEPLOYMENT_TARGET = 14.4;
				MTL_ENABLE_DEBUG_INFO = NO;
				MTL_FAST_MATH = YES;
				SDKROOT = iphoneos;
				SWIFT_COMPILATION_MODE = wholemodule;
				SWIFT_OPTIMIZATION_LEVEL = "-O";
				VALIDATE_PRODUCT = YES;
			};
			name = Release;
		};
		30671E22262A32580053DF5E /* Debug */ = {
			isa = XCBuildConfiguration;
			buildSettings = {
				ASSETCATALOG_COMPILER_APPICON_NAME = AppIcon;
				ASSETCATALOG_COMPILER_GLOBAL_ACCENT_COLOR_NAME = AccentColor;
				CODE_SIGN_ENTITLEMENTS = Meteorites/Meteorites.entitlements;
				CODE_SIGN_STYLE = Automatic;
				DEVELOPMENT_ASSET_PATHS = "\"Meteorites/Preview Content\"";
				DEVELOPMENT_TEAM = 8VYL42BQV9;
				ENABLE_PREVIEWS = YES;
				INFOPLIST_FILE = Meteorites/Info.plist;
				IPHONEOS_DEPLOYMENT_TARGET = 14.0;
				LD_RUNPATH_SEARCH_PATHS = (
					"$(inherited)",
					"@executable_path/Frameworks",
				);
				PRODUCT_BUNDLE_IDENTIFIER = com.rligocki.Meteorites;
				PRODUCT_NAME = "$(TARGET_NAME)";
				SUPPORTS_MACCATALYST = YES;
				SWIFT_VERSION = 5.0;
				TARGETED_DEVICE_FAMILY = "1,2,6";
			};
			name = Debug;
		};
		30671E23262A32580053DF5E /* Release */ = {
			isa = XCBuildConfiguration;
			buildSettings = {
				ASSETCATALOG_COMPILER_APPICON_NAME = AppIcon;
				ASSETCATALOG_COMPILER_GLOBAL_ACCENT_COLOR_NAME = AccentColor;
				CODE_SIGN_ENTITLEMENTS = Meteorites/Meteorites.entitlements;
				CODE_SIGN_STYLE = Automatic;
				DEVELOPMENT_ASSET_PATHS = "\"Meteorites/Preview Content\"";
				DEVELOPMENT_TEAM = 8VYL42BQV9;
				ENABLE_PREVIEWS = YES;
				INFOPLIST_FILE = Meteorites/Info.plist;
				IPHONEOS_DEPLOYMENT_TARGET = 14.0;
				LD_RUNPATH_SEARCH_PATHS = (
					"$(inherited)",
					"@executable_path/Frameworks",
				);
				PRODUCT_BUNDLE_IDENTIFIER = com.rligocki.Meteorites;
				PRODUCT_NAME = "$(TARGET_NAME)";
				SUPPORTS_MACCATALYST = YES;
				SWIFT_VERSION = 5.0;
				TARGETED_DEVICE_FAMILY = "1,2,6";
			};
			name = Release;
		};
/* End XCBuildConfiguration section */

/* Begin XCConfigurationList section */
		30671E0D262A32550053DF5E /* Build configuration list for PBXProject "Meteorites" */ = {
			isa = XCConfigurationList;
			buildConfigurations = (
				30671E1F262A32580053DF5E /* Debug */,
				30671E20262A32580053DF5E /* Release */,
			);
			defaultConfigurationIsVisible = 0;
			defaultConfigurationName = Release;
		};
		30671E21262A32580053DF5E /* Build configuration list for PBXNativeTarget "Meteorites" */ = {
			isa = XCConfigurationList;
			buildConfigurations = (
				30671E22262A32580053DF5E /* Debug */,
				30671E23262A32580053DF5E /* Release */,
			);
			defaultConfigurationIsVisible = 0;
			defaultConfigurationName = Release;
		};
/* End XCConfigurationList section */

/* Begin XCRemoteSwiftPackageReference section */
		30671E29262A33DD0053DF5E /* XCRemoteSwiftPackageReference "realm-cocoa" */ = {
			isa = XCRemoteSwiftPackageReference;
			repositoryURL = "https://github.com/realm/realm-cocoa";
			requirement = {
				kind = upToNextMajorVersion;
				minimumVersion = 10.7.2;
			};
		};
/* End XCRemoteSwiftPackageReference section */

/* Begin XCSwiftPackageProductDependency section */
		30671E2A262A33DD0053DF5E /* RealmSwift */ = {
			isa = XCSwiftPackageProductDependency;
			package = 30671E29262A33DD0053DF5E /* XCRemoteSwiftPackageReference "realm-cocoa" */;
			productName = RealmSwift;
		};
		30671E2C262A33DD0053DF5E /* Realm */ = {
			isa = XCSwiftPackageProductDependency;
			package = 30671E29262A33DD0053DF5E /* XCRemoteSwiftPackageReference "realm-cocoa" */;
			productName = Realm;
		};
/* End XCSwiftPackageProductDependency section */
	};
	rootObject = 30671E0A262A32550053DF5E /* Project object */;
}
